{
  "name": "reusable-components",
  "version": "0.0.1",
  "lockfileVersion": 1,
  "requires": true,
  "dependencies": {
    "@stencil/core": {
      "version": "2.17.4",
      "resolved": "https://registry.npmjs.org/@stencil/core/-/core-2.17.4.tgz",
      "integrity": "sha512-SGRlHpjV1RyFvzw6jFMVKpLNox9Eds3VvpbpD2SW9CuxdLonHDSFtQks5zmT4zs1Rse9I6kFc2mFK/dHNTalkg=="
    }
  }
}
